// !$*UTF8*$!
{
	archiveVersion = 1;
	classes = {
	};
	objectVersion = 50;
	objects = {

/* Begin PBXBuildFile section */
		052B3C6821B6ED6500A2E17D /* AppDelegate.swift in Sources */ = {isa = PBXBuildFile; fileRef = 052B3C6721B6ED6500A2E17D /* AppDelegate.swift */; };
		052B3C6A21B6ED6500A2E17D /* ViewController.swift in Sources */ = {isa = PBXBuildFile; fileRef = 052B3C6921B6ED6500A2E17D /* ViewController.swift */; };
		052B3C6D21B6ED6500A2E17D /* Main.storyboard in Resources */ = {isa = PBXBuildFile; fileRef = 052B3C6B21B6ED6500A2E17D /* Main.storyboard */; };
		052B3C6F21B6ED6600A2E17D /* Assets.xcassets in Resources */ = {isa = PBXBuildFile; fileRef = 052B3C6E21B6ED6600A2E17D /* Assets.xcassets */; };
		052B3C7221B6ED6600A2E17D /* LaunchScreen.storyboard in Resources */ = {isa = PBXBuildFile; fileRef = 052B3C7021B6ED6600A2E17D /* LaunchScreen.storyboard */; };
/* End PBXBuildFile section */

/* Begin PBXFileReference section */
		052B3C6421B6ED6500A2E17D /* CamraDemo.app */ = {isa = PBXFileReference; explicitFileType = wrapper.application; includeInIndex = 0; path = CamraDemo.app; sourceTree = BUILT_PRODUCTS_DIR; };
		052B3C6721B6ED6500A2E17D /* AppDelegate.swift */ = {isa = PBXFileReference; lastKnownFileType = sourcecode.swift; path = AppDelegate.swift; sourceTree = "<group>"; };
		052B3C6921B6ED6500A2E17D /* ViewController.swift */ = {isa = PBXFileReference; lastKnownFileType = sourcecode.swift; path = ViewController.swift; sourceTree = "<group>"; };
		052B3C6C21B6ED6500A2E17D /* Base */ = {isa = PBXFileReference; lastKnownFileType = file.storyboard; name = Base; path = Base.lproj/Main.storyboard; sourceTree = "<group>"; };
		052B3C6E21B6ED6600A2E17D /* Assets.xcassets */ = {isa = PBXFileReference; lastKnownFileType = folder.assetcatalog; path = Assets.xcassets; sourceTree = "<group>"; };
		052B3C7121B6ED6600A2E17D /* Base */ = {isa = PBXFileReference; lastKnownFileType = file.storyboard; name = Base; path = Base.lproj/LaunchScreen.storyboard; sourceTree = "<group>"; };
		052B3C7321B6ED6600A2E17D /* Info.plist */ = {isa = PBXFileReference; lastKnownFileType = text.plist.xml; path = Info.plist; sourceTree = "<group>"; };
/* End PBXFileReference section */

/* Begin PBXFrameworksBuildPhase section */
		052B3C6121B6ED6500A2E17D /* Frameworks */ = {
			isa = PBXFrameworksBuildPhase;
			buildActionMask = 2147483647;
			files = (
			);
			runOnlyForDeploymentPostprocessing = 0;
		};
/* End PBXFrameworksBuildPhase section */

/* Begin PBXGroup section */
		052B3C5B21B6ED6500A2E17D = {
			isa = PBXGroup;
			children = (
				052B3C6621B6ED6500A2E17D /* CamraDemo */,
				052B3C6521B6ED6500A2E17D /* Products */,
			);
			sourceTree = "<group>";
		};
		052B3C6521B6ED6500A2E17D /* Products */ = {
			isa = PBXGroup;
			children = (
				052B3C6421B6ED6500A2E17D /* CamraDemo.app */,
			);
			name = Products;
			sourceTree = "<group>";
		};
		052B3C6621B6ED6500A2E17D /* CamraDemo */ = {
			isa = PBXGroup;
			children = (
				052B3C6721B6ED6500A2E17D /* AppDelegate.swift */,
				052B3C6921B6ED6500A2E17D /* ViewController.swift */,
				052B3C6B21B6ED6500A2E17D /* Main.storyboard */,
				052B3C6E21B6ED6600A2E17D /* Assets.xcassets */,
				052B3C7021B6ED6600A2E17D /* LaunchScreen.storyboard */,
				052B3C7321B6ED6600A2E17D /* Info.plist */,
			);
			path = CamraDemo;
			sourceTree = "<group>";
		};
/* End PBXGroup section */

/* Begin PBXNativeTarget section */
		052B3C6321B6ED6500A2E17D /* CamraDemo */ = {
			isa = PBXNativeTarget;
			buildConfigurationList = 052B3C7621B6ED6600A2E17D /* Build configuration list for PBXNativeTarget "CamraDemo" */;
			buildPhases = (
				052B3C6021B6ED6500A2E17D /* Sources */,
				052B3C6121B6ED6500A2E17D /* Frameworks */,
				052B3C6221B6ED6500A2E17D /* Resources */,
			);
			buildRules = (
			);
			dependencies = (
			);
			name = CamraDemo;
			productName = CamraDemo;
			productReference = 052B3C6421B6ED6500A2E17D /* CamraDemo.app */;
			productType = "com.apple.product-type.application";
		};
/* End PBXNativeTarget section */

/* Begin PBXProject section */
		052B3C5C21B6ED6500A2E17D /* Project object */ = {
			isa = PBXProject;
			attributes = {
				LastSwiftUpdateCheck = 1010;
				LastUpgradeCheck = 1010;
				ORGANIZATIONNAME = "BRANDON GOMEZ";
				TargetAttributes = {
					052B3C6321B6ED6500A2E17D = {
						CreatedOnToolsVersion = 10.1;
					};
				};
			};
			buildConfigurationList = 052B3C5F21B6ED6500A2E17D /* Build configuration list for PBXProject "CamraDemo" */;
			compatibilityVersion = "Xcode 9.3";
			developmentRegion = en;
			hasScannedForEncodings = 0;
			knownRegions = (
				en,
				Base,
			);
			mainGroup = 052B3C5B21B6ED6500A2E17D;
			productRefGroup = 052B3C6521B6ED6500A2E17D /* Products */;
			projectDirPath = "";
			projectRoot = "";
			targets = (
				052B3C6321B6ED6500A2E17D /* CamraDemo */,
			);
		};
/* End PBXProject section */

/* Begin PBXResourcesBuildPhase section */
		052B3C6221B6ED6500A2E17D /* Resources */ = {
			isa = PBXResourcesBuildPhase;
			buildActionMask = 2147483647;
			files = (
				052B3C7221B6ED6600A2E17D /* LaunchScreen.storyboard in Resources */,
				052B3C6F21B6ED6600A2E17D /* Assets.xcassets in Resources */,
				052B3C6D21B6ED6500A2E17D /* Main.storyboard in Resources */,
			);
			runOnlyForDeploymentPostprocessing = 0;
		};
/* End PBXResourcesBuildPhase section */

/* Begin PBXSourcesBuildPhase section */
		052B3C6021B6ED6500A2E17D /* Sources */ = {
			isa = PBXSourcesBuildPhase;
			buildActionMask = 2147483647;
			files = (
				052B3C6A21B6ED6500A2E17D /* ViewController.swift in Sources */,
				052B3C6821B6ED6500A2E17D /* AppDelegate.swift in Sources */,
			);
			runOnlyForDeploymentPostprocessing = 0;
		};
/* End PBXSourcesBuildPhase section */

/* Begin PBXVariantGroup section */
		052B3C6B21B6ED6500A2E17D /* Main.storyboard */ = {
			isa = PBXVariantGroup;
			children = (
				052B3C6C21B6ED6500A2E17D /* Base */,
			);
			name = Main.storyboard;
			sourceTree = "<group>";
		};
		052B3C7021B6ED6600A2E17D /* LaunchScreen.storyboard */ = {
			isa = PBXVariantGroup;
			children = (
				052B3C7121B6ED6600A2E17D /* Base */,
			);
			name = LaunchScreen.storyboard;
			sourceTree = "<group>";
		};
/* End PBXVariantGroup section */

/* Begin XCBuildConfiguration section */
		052B3C7421B6ED6600A2E17D /* Debug */ = {
			isa = XCBuildConfiguration;
			buildSettings = {
				ALWAYS_SEARCH_USER_PATHS = NO;
				CLANG_ANALYZER_NONNULL = YES;
				CLANG_ANALYZER_NUMBER_OBJECT_CONVERSION = YES_AGGRESSIVE;
				CLANG_CXX_LANGUAGE_STANDARD = "gnu++14";
				CLANG_CXX_LIBRARY = "libc++";
				CLANG_ENABLE_MODULES = YES;
				CLANG_ENABLE_OBJC_ARC = YES;
				CLANG_ENABLE_OBJC_WEAK = YES;
				CLANG_WARN_BLOCK_CAPTURE_AUTORELEASING = YES;
				CLANG_WARN_BOOL_CONVERSION = YES;
				CLANG_WARN_COMMA = YES;
				CLANG_WARN_CONSTANT_CONVERSION = YES;
				CLANG_WARN_DEPRECATED_OBJC_IMPLEMENTATIONS = YES;
				CLANG_WARN_DIRECT_OBJC_ISA_USAGE = YES_ERROR;
				CLANG_WARN_DOCUMENTATION_COMMENTS = YES;
				CLANG_WARN_EMPTY_BODY = YES;
				CLANG_WARN_ENUM_CONVERSION = YES;
				CLANG_WARN_INFINITE_RECURSION = YES;
				CLANG_WARN_INT_CONVERSION = YES;
				CLANG_WARN_NON_LITERAL_NULL_CONVERSION = YES;
				CLANG_WARN_OBJC_IMPLICIT_RETAIN_SELF = YES;
				CLANG_WARN_OBJC_LITERAL_CONVERSION = YES;
				CLANG_WARN_OBJC_ROOT_CLASS = YES_ERROR;
				CLANG_WARN_RANGE_LOOP_ANALYSIS = YES;
				CLANG_WARN_STRICT_PROTOTYPES = YES;
				CLANG_WARN_SUSPICIOUS_MOVE = YES;
				CLANG_WARN_UNGUARDED_AVAILABILITY = YES_AGGRESSIVE;
				CLANG_WARN_UNREACHABLE_CODE = YES;
				CLANG_WARN__DUPLICATE_METHOD_MATCH = YES;
				CODE_SIGN_IDENTITY = "iPhone Developer";
				COPY_PHASE_STRIP = NO;
				DEBUG_INFORMATION_FORMAT = dwarf;
				ENABLE_STRICT_OBJC_MSGSEND = YES;
				ENABLE_TESTABILITY = YES;
				GCC_C_LANGUAGE_STANDARD = gnu11;
				GCC_DYNAMIC_NO_PIC = NO;
				GCC_NO_COMMON_BLOCKS = YES;
				GCC_OPTIMIZATION_LEVEL = 0;
				GCC_PREPROCESSOR_DEFINITIONS = (
					"DEBUG=1",
					"$(inherited)",
				);
				GCC_WARN_64_TO_32_BIT_CONVERSION = YES;
				GCC_WARN_ABOUT_RETURN_TYPE = YES_ERROR;
				GCC_WARN_UNDECLARED_SELECTOR = YES;
				GCC_WARN_UNINITIALIZED_AUTOS = YES_AGGRESSIVE;
				GCC_WARN_UNUSED_FUNCTION = YES;
				GCC_WARN_UNUSED_VARIABLE = YES;
				IPHONEOS_DEPLOYMENT_TARGET = 12.1;
				MTL_ENABLE_DEBUG_INFO = INCLUDE_SOURCE;
				MTL_FAST_MATH = YES;
				ONLY_ACTIVE_ARCH = YES;
				SDKROOT = iphoneos;
				SWIFT_ACTIVE_COMPILATION_CONDITIONS = DEBUG;
				SWIFT_OPTIMIZATION_LEVEL = "-Onone";
			};
			name = Debug;
		};
		052B3C7521B6ED6600A2E17D /* Release */ = {
			isa = XCBuildConfiguration;
			buildSettings = {
				ALWAYS_SEARCH_USER_PATHS = NO;
				CLANG_ANALYZER_NONNULL = YES;
				CLANG_ANALYZER_NUMBER_OBJECT_CONVERSION = YES_AGGRESSIVE;
				CLANG_CXX_LANGUAGE_STANDARD = "gnu++14";
				CLANG_CXX_LIBRARY = "libc++";
				CLANG_ENABLE_MODULES = YES;
				CLANG_ENABLE_OBJC_ARC = YES;
				CLANG_ENABLE_OBJC_WEAK = YES;
				CLANG_WARN_BLOCK_CAPTURE_AUTORELEASING = YES;
				CLANG_WARN_BOOL_CONVERSION = YES;
				CLANG_WARN_COMMA = YES;
				CLANG_WARN_CONSTANT_CONVERSION = YES;
				CLANG_WARN_DEPRECATED_OBJC_IMPLEMENTATIONS = YES;
				CLANG_WARN_DIRECT_OBJC_ISA_USAGE = YES_ERROR;
				CLANG_WARN_DOCUMENTATION_COMMENTS = YES;
				CLANG_WARN_EMPTY_BODY = YES;
				CLANG_WARN_ENUM_CONVERSION = YES;
				CLANG_WARN_INFINITE_RECURSION = YES;
				CLANG_WARN_INT_CONVERSION = YES;
				CLANG_WARN_NON_LITERAL_NULL_CONVERSION = YES;
				CLANG_WARN_OBJC_IMPLICIT_RETAIN_SELF = YES;
				CLANG_WARN_OBJC_LITERAL_CONVERSION = YES;
				CLANG_WARN_OBJC_ROOT_CLASS = YES_ERROR;
				CLANG_WARN_RANGE_LOOP_ANALYSIS = YES;
				CLANG_WARN_STRICT_PROTOTYPES = YES;
				CLANG_WARN_SUSPICIOUS_MOVE = YES;
				CLANG_WARN_UNGUARDED_AVAILABILITY = YES_AGGRESSIVE;
				CLANG_WARN_UNREACHABLE_CODE = YES;
				CLANG_WARN__DUPLICATE_METHOD_MATCH = YES;
				CODE_SIGN_IDENTITY = "iPhone Developer";
				COPY_PHASE_STRIP = NO;
				DEBUG_INFORMATION_FORMAT = "dwarf-with-dsym";
				ENABLE_NS_ASSERTIONS = NO;
				ENABLE_STRICT_OBJC_MSGSEND = YES;
				GCC_C_LANGUAGE_STANDARD = gnu11;
				GCC_NO_COMMON_BLOCKS = YES;
				GCC_WARN_64_TO_32_BIT_CONVERSION = YES;
				GCC_WARN_ABOUT_RETURN_TYPE = YES_ERROR;
				GCC_WARN_UNDECLARED_SELECTOR = YES;
				GCC_WARN_UNINITIALIZED_AUTOS = YES_AGGRESSIVE;
				GCC_WARN_UNUSED_FUNCTION = YES;
				GCC_WARN_UNUSED_VARIABLE = YES;
				IPHONEOS_DEPLOYMENT_TARGET = 12.1;
				MTL_ENABLE_DEBUG_INFO = NO;
				MTL_FAST_MATH = YES;
				SDKROOT = iphoneos;
				SWIFT_COMPILATION_MODE = wholemodule;
				SWIFT_OPTIMIZATION_LEVEL = "-O";
				VALIDATE_PRODUCT = YES;
			};
			name = Release;
		};
		052B3C7721B6ED6600A2E17D /* Debug */ = {
			isa = XCBuildConfiguration;
			buildSettings = {
				ASSETCATALOG_COMPILER_APPICON_NAME = AppIcon;
				CODE_SIGN_STYLE = Automatic;
				INFOPLIST_FILE = CamraDemo/Info.plist;
				LD_RUNPATH_SEARCH_PATHS = (
					"$(inherited)",
					"@executable_path/Frameworks",
				);
				PRODUCT_BUNDLE_IDENTIFIER = "org.116-rlas.CamraDemo";
				PRODUCT_NAME = "$(TARGET_NAME)";
				SWIFT_VERSION = 4.2;
				TARGETED_DEVICE_FAMILY = "1,2";
			};
			name = Debug;
		};
		052B3C7821B6ED6600A2E17D /* Release */ = {
			isa = XCBuildConfiguration;
			buildSettings = {
				ASSETCATALOG_COMPILER_APPICON_NAME = AppIcon;
				CODE_SIGN_STYLE = Automatic;
				INFOPLIST_FILE = CamraDemo/Info.plist;
				LD_RUNPATH_SEARCH_PATHS = (
					"$(inherited)",
					"@executable_path/Frameworks",
				);
				PRODUCT_BUNDLE_IDENTIFIER = "org.116-rlas.CamraDemo";
				PRODUCT_NAME = "$(TARGET_NAME)";
				SWIFT_VERSION = 4.2;
				TARGETED_DEVICE_FAMILY = "1,2";
			};
			name = Release;
		};
/* End XCBuildConfiguration section */

/* Begin XCConfigurationList section */
		052B3C5F21B6ED6500A2E17D /* Build configuration list for PBXProject "CamraDemo" */ = {
			isa = XCConfigurationList;
			buildConfigurations = (
				052B3C7421B6ED6600A2E17D /* Debug */,
				052B3C7521B6ED6600A2E17D /* Release */,
			);
			defaultConfigurationIsVisible = 0;
			defaultConfigurationName = Release;
		};
		052B3C7621B6ED6600A2E17D /* Build configuration list for PBXNativeTarget "CamraDemo" */ = {
			isa = XCConfigurationList;
			buildConfigurations = (
				052B3C7721B6ED6600A2E17D /* Debug */,
				052B3C7821B6ED6600A2E17D /* Release */,
			);
			defaultConfigurationIsVisible = 0;
			defaultConfigurationName = Release;
		};
/* End XCConfigurationList section */
	};
	rootObject = 052B3C5C21B6ED6500A2E17D /* Project object */;
}
